
Microsoft Visual Studio Solution File, Format Version 12.00
# Visual Studio 15
VisualStudioVersion = 15.0.28307.572
MinimumVisualStudioVersion = 10.0.40219.1
Project("{9A19103F-16F7-4668-BE54-9A1E7A4F7556}") = "GUI", "GUI\GUI.csproj", "{367D92E8-9254-47B2-9E8B-5F524D29A5CF}"
EndProject
Global
	GlobalSection(SolutionConfigurationPlatforms) = preSolution
		Debug|Any CPU = Debug|Any CPU
		Release|Any CPU = Release|Any CPU
	EndGlobalSection
	GlobalSection(ProjectConfigurationPlatforms) = postSolution
		{367D92E8-9254-47B2-9E8B-5F524D29A5CF}.Debug|Any CPU.ActiveCfg = Debug|Any CPU
		{367D92E8-9254-47B2-9E8B-5F524D29A5CF}.Debug|Any CPU.Build.0 = Debug|Any CPU
		{367D92E8-9254-47B2-9E8B-5F524D29A5CF}.Release|Any CPU.ActiveCfg = Release|Any CPU
		{367D92E8-9254-47B2-9E8B-5F524D29A5CF}.Release|Any CPU.Build.0 = Release|Any CPU
	EndGlobalSection
	GlobalSection(SolutionProperties) = preSolution
		HideSolutionNode = FALSE
	EndGlobalSection
	GlobalSection(ExtensibilityGlobals) = postSolution
		SolutionGuid = {C4B9C935-1911-45A0-9010-66332B8924BE}
	EndGlobalSection
EndGlobal
